
Microsoft Visual Studio Solution File, Format Version 12.00
# Visual Studio Version 17
VisualStudioVersion = 17.14.36705.20
MinimumVisualStudioVersion = 10.0.40219.1
Project("{FAE04EC0-301F-11D3-BF4B-00C04F79EFBC}") = "test Identity from Scratch", "test Identity from Scratch.csproj", "{7934E9B5-5C06-4661-BE5F-882D0F11A63F}"
EndProject
Global
	GlobalSection(SolutionConfigurationPlatforms) = preSolution
		Debug|Any CPU = Debug|Any CPU
		Release|Any CPU = Release|Any CPU
	EndGlobalSection
	GlobalSection(ProjectConfigurationPlatforms) = postSolution
		{7934E9B5-5C06-4661-BE5F-882D0F11A63F}.Debug|Any CPU.ActiveCfg = Debug|Any CPU
		{7934E9B5-5C06-4661-BE5F-882D0F11A63F}.Debug|Any CPU.Build.0 = Debug|Any CPU
		{7934E9B5-5C06-4661-BE5F-882D0F11A63F}.Release|Any CPU.ActiveCfg = Release|Any CPU
		{7934E9B5-5C06-4661-BE5F-882D0F11A63F}.Release|Any CPU.Build.0 = Release|Any CPU
	EndGlobalSection
	GlobalSection(SolutionProperties) = preSolution
		HideSolutionNode = FALSE
	EndGlobalSection
	GlobalSection(ExtensibilityGlobals) = postSolution
		SolutionGuid = {F2AD206D-39BD-4CFF-94F2-0847B483252E}
	EndGlobalSection
EndGlobal
